
Microsoft Visual Studio Solution File, Format Version 12.00
# Visual Studio Version 16
VisualStudioVersion = 16.0.29123.88
MinimumVisualStudioVersion = 10.0.40219.1
Project("{FAE04EC0-301F-11D3-BF4B-00C04F79EFBC}") = "LookupCollections", "LookupCollections\LookupCollections.csproj", "{FB1F8CE5-2B0F-41D8-8E55-792B5B76D720}"
EndProject
Global
	GlobalSection(SolutionConfigurationPlatforms) = preSolution
		Debug|Any CPU = Debug|Any CPU
		Release|Any CPU = Release|Any CPU
	EndGlobalSection
	GlobalSection(ProjectConfigurationPlatforms) = postSolution
		{FB1F8CE5-2B0F-41D8-8E55-792B5B76D720}.Debug|Any CPU.ActiveCfg = Debug|Any CPU
		{FB1F8CE5-2B0F-41D8-8E55-792B5B76D720}.Debug|Any CPU.Build.0 = Debug|Any CPU
		{FB1F8CE5-2B0F-41D8-8E55-792B5B76D720}.Release|Any CPU.ActiveCfg = Release|Any CPU
		{FB1F8CE5-2B0F-41D8-8E55-792B5B76D720}.Release|Any CPU.Build.0 = Release|Any CPU
	EndGlobalSection
	GlobalSection(SolutionProperties) = preSolution
		HideSolutionNode = FALSE
	EndGlobalSection
	GlobalSection(ExtensibilityGlobals) = postSolution
		SolutionGuid = {B606B1DA-6F56-4813-AD92-89D43D6934F9}
	EndGlobalSection
EndGlobal
